// !$*UTF8*$!
{
	archiveVersion = 1;
	classes = {
	};
	objectVersion = 50;
	objects = {

/* Begin PBXBuildFile section */
		457B59D9237F4938003E7E00 /* AppDelegate.swift in Sources */ = {isa = PBXBuildFile; fileRef = 457B59D8237F4938003E7E00 /* AppDelegate.swift */; };
		457B59DB237F4938003E7E00 /* SceneDelegate.swift in Sources */ = {isa = PBXBuildFile; fileRef = 457B59DA237F4938003E7E00 /* SceneDelegate.swift */; };
		457B59DD237F4938003E7E00 /* ViewController.swift in Sources */ = {isa = PBXBuildFile; fileRef = 457B59DC237F4938003E7E00 /* ViewController.swift */; };
		457B59E0237F4938003E7E00 /* Main.storyboard in Resources */ = {isa = PBXBuildFile; fileRef = 457B59DE237F4938003E7E00 /* Main.storyboard */; };
		457B59E2237F493A003E7E00 /* Assets.xcassets in Resources */ = {isa = PBXBuildFile; fileRef = 457B59E1237F493A003E7E00 /* Assets.xcassets */; };
		457B59E5237F493A003E7E00 /* LaunchScreen.storyboard in Resources */ = {isa = PBXBuildFile; fileRef = 457B59E3237F493A003E7E00 /* LaunchScreen.storyboard */; };
		457B5A05237F4A43003E7E00 /* Alamofire.framework in Frameworks */ = {isa = PBXBuildFile; fileRef = 457B59F7237F4A2A003E7E00 /* Alamofire.framework */; };
		457B5A06237F4A43003E7E00 /* Alamofire.framework in Embed Frameworks */ = {isa = PBXBuildFile; fileRef = 457B59F7237F4A2A003E7E00 /* Alamofire.framework */; settings = {ATTRIBUTES = (CodeSignOnCopy, RemoveHeadersOnCopy, ); }; };
		457B5A09237F4BD8003E7E00 /* Modelo.swift in Sources */ = {isa = PBXBuildFile; fileRef = 457B5A08237F4BD8003E7E00 /* Modelo.swift */; };
		457B5A0B237F4E38003E7E00 /* GameCellController.swift in Sources */ = {isa = PBXBuildFile; fileRef = 457B5A0A237F4E38003E7E00 /* GameCellController.swift */; };
		457B5A0D237F58D1003E7E00 /* InfoComplet.swift in Sources */ = {isa = PBXBuildFile; fileRef = 457B5A0C237F58D1003E7E00 /* InfoComplet.swift */; };
		45CC250B23822C2300564CE4 /* AlamofireImage.framework in Frameworks */ = {isa = PBXBuildFile; fileRef = 45CC24F5238229CD00564CE4 /* AlamofireImage.framework */; };
		45CC250C23822C2300564CE4 /* AlamofireImage.framework in Embed Frameworks */ = {isa = PBXBuildFile; fileRef = 45CC24F5238229CD00564CE4 /* AlamofireImage.framework */; settings = {ATTRIBUTES = (CodeSignOnCopy, RemoveHeadersOnCopy, ); }; };
/* End PBXBuildFile section */

/* Begin PBXContainerItemProxy section */
		457B59F6237F4A2A003E7E00 /* PBXContainerItemProxy */ = {
			isa = PBXContainerItemProxy;
			containerPortal = 457B59EC237F4A2A003E7E00 /* Alamofire.xcodeproj */;
			proxyType = 2;
			remoteGlobalIDString = F8111E3319A95C8B0040E7D1;
			remoteInfo = "Alamofire iOS";
		};
		457B59F8237F4A2A003E7E00 /* PBXContainerItemProxy */ = {
			isa = PBXContainerItemProxy;
			containerPortal = 457B59EC237F4A2A003E7E00 /* Alamofire.xcodeproj */;
			proxyType = 2;
			remoteGlobalIDString = F8111E3E19A95C8B0040E7D1;
			remoteInfo = "Alamofire iOS Tests";
		};
		457B59FA237F4A2A003E7E00 /* PBXContainerItemProxy */ = {
			isa = PBXContainerItemProxy;
			containerPortal = 457B59EC237F4A2A003E7E00 /* Alamofire.xcodeproj */;
			proxyType = 2;
			remoteGlobalIDString = 4DD67C0B1A5C55C900ED2280;
			remoteInfo = "Alamofire macOS";
		};
		457B59FC237F4A2A003E7E00 /* PBXContainerItemProxy */ = {
			isa = PBXContainerItemProxy;
			containerPortal = 457B59EC237F4A2A003E7E00 /* Alamofire.xcodeproj */;
			proxyType = 2;
			remoteGlobalIDString = F829C6B21A7A94F100A2CD59;
			remoteInfo = "Alamofire macOS Tests";
		};
		457B59FE237F4A2A003E7E00 /* PBXContainerItemProxy */ = {
			isa = PBXContainerItemProxy;
			containerPortal = 457B59EC237F4A2A003E7E00 /* Alamofire.xcodeproj */;
			proxyType = 2;
			remoteGlobalIDString = 4CF626EF1BA7CB3E0011A099;
			remoteInfo = "Alamofire tvOS";
		};
		457B5A00237F4A2A003E7E00 /* PBXContainerItemProxy */ = {
			isa = PBXContainerItemProxy;
			containerPortal = 457B59EC237F4A2A003E7E00 /* Alamofire.xcodeproj */;
			proxyType = 2;
			remoteGlobalIDString = 4CF626F81BA7CB3E0011A099;
			remoteInfo = "Alamofire tvOS Tests";
		};
		457B5A02237F4A2A003E7E00 /* PBXContainerItemProxy */ = {
			isa = PBXContainerItemProxy;
			containerPortal = 457B59EC237F4A2A003E7E00 /* Alamofire.xcodeproj */;
			proxyType = 2;
			remoteGlobalIDString = E4202FE01B667AA100C997FB;
			remoteInfo = "Alamofire watchOS";
		};
		45CC24F4238229CD00564CE4 /* PBXContainerItemProxy */ = {
			isa = PBXContainerItemProxy;
			containerPortal = 45CC24E1238229CD00564CE4 /* AlamofireImage.xcodeproj */;
			proxyType = 2;
			remoteGlobalIDString = 4C9043771AABBFC5001B4E60;
			remoteInfo = "AlamofireImage iOS";
		};
		45CC24F6238229CD00564CE4 /* PBXContainerItemProxy */ = {
			isa = PBXContainerItemProxy;
			containerPortal = 45CC24E1238229CD00564CE4 /* AlamofireImage.xcodeproj */;
			proxyType = 2;
			remoteGlobalIDString = 4C9043821AABBFC5001B4E60;
			remoteInfo = "AlamofireImage iOS Tests";
		};
		45CC24F8238229CD00564CE4 /* PBXContainerItemProxy */ = {
			isa = PBXContainerItemProxy;
			containerPortal = 45CC24E1238229CD00564CE4 /* AlamofireImage.xcodeproj */;
			proxyType = 2;
			remoteGlobalIDString = 4CE611321AABC24E00D35044;
			remoteInfo = "AlamofireImage macOS";
		};
		45CC24FA238229CD00564CE4 /* PBXContainerItemProxy */ = {
			isa = PBXContainerItemProxy;
			containerPortal = 45CC24E1238229CD00564CE4 /* AlamofireImage.xcodeproj */;
			proxyType = 2;
			remoteGlobalIDString = 4CE611471AABC5C900D35044;
			remoteInfo = "AlamofireImage macOS Tests";
		};
		45CC24FC238229CD00564CE4 /* PBXContainerItemProxy */ = {
			isa = PBXContainerItemProxy;
			containerPortal = 45CC24E1238229CD00564CE4 /* AlamofireImage.xcodeproj */;
			proxyType = 2;
			remoteGlobalIDString = 4C16B37D1BA9399500A66EF0;
			remoteInfo = "AlamofireImage tvOS";
		};
		45CC24FE238229CD00564CE4 /* PBXContainerItemProxy */ = {
			isa = PBXContainerItemProxy;
			containerPortal = 45CC24E1238229CD00564CE4 /* AlamofireImage.xcodeproj */;
			proxyType = 2;
			remoteGlobalIDString = 4C16B3861BA9399500A66EF0;
			remoteInfo = "AlamofireImage tvOS Tests";
		};
		45CC2500238229CD00564CE4 /* PBXContainerItemProxy */ = {
			isa = PBXContainerItemProxy;
			containerPortal = 45CC24E1238229CD00564CE4 /* AlamofireImage.xcodeproj */;
			proxyType = 2;
			remoteGlobalIDString = 4C4D4EC11B92976900C96855;
			remoteInfo = "AlamofireImage watchOS";
		};
		45CC2502238229CD00564CE4 /* PBXContainerItemProxy */ = {
			isa = PBXContainerItemProxy;
			containerPortal = 45CC24E1238229CD00564CE4 /* AlamofireImage.xcodeproj */;
			proxyType = 2;
			remoteGlobalIDString = 4C11830B2150517E007A8298;
			remoteInfo = "iOS Example";
		};
/* End PBXContainerItemProxy section */

/* Begin PBXCopyFilesBuildPhase section */
		457B5A07237F4A44003E7E00 /* Embed Frameworks */ = {
			isa = PBXCopyFilesBuildPhase;
			buildActionMask = 2147483647;
			dstPath = "";
			dstSubfolderSpec = 10;
			files = (
				457B5A06237F4A43003E7E00 /* Alamofire.framework in Embed Frameworks */,
				45CC250C23822C2300564CE4 /* AlamofireImage.framework in Embed Frameworks */,
			);
			name = "Embed Frameworks";
			runOnlyForDeploymentPostprocessing = 0;
		};
/* End PBXCopyFilesBuildPhase section */

/* Begin PBXFileReference section */
		457B59D5237F4938003E7E00 /* ProyectoEmilianoApp.app */ = {isa = PBXFileReference; explicitFileType = wrapper.application; includeInIndex = 0; path = ProyectoEmilianoApp.app; sourceTree = BUILT_PRODUCTS_DIR; };
		457B59D8237F4938003E7E00 /* AppDelegate.swift */ = {isa = PBXFileReference; lastKnownFileType = sourcecode.swift; path = AppDelegate.swift; sourceTree = "<group>"; };
		457B59DA237F4938003E7E00 /* SceneDelegate.swift */ = {isa = PBXFileReference; lastKnownFileType = sourcecode.swift; path = SceneDelegate.swift; sourceTree = "<group>"; };
		457B59DC237F4938003E7E00 /* ViewController.swift */ = {isa = PBXFileReference; lastKnownFileType = sourcecode.swift; path = ViewController.swift; sourceTree = "<group>"; };
		457B59DF237F4938003E7E00 /* Base */ = {isa = PBXFileReference; lastKnownFileType = file.storyboard; name = Base; path = Base.lproj/Main.storyboard; sourceTree = "<group>"; };
		457B59E1237F493A003E7E00 /* Assets.xcassets */ = {isa = PBXFileReference; lastKnownFileType = folder.assetcatalog; path = Assets.xcassets; sourceTree = "<group>"; };
		457B59E4237F493A003E7E00 /* Base */ = {isa = PBXFileReference; lastKnownFileType = file.storyboard; name = Base; path = Base.lproj/LaunchScreen.storyboard; sourceTree = "<group>"; };
		457B59E6237F493A003E7E00 /* Info.plist */ = {isa = PBXFileReference; lastKnownFileType = text.plist.xml; path = Info.plist; sourceTree = "<group>"; };
		457B59EC237F4A2A003E7E00 /* Alamofire.xcodeproj */ = {isa = PBXFileReference; lastKnownFileType = "wrapper.pb-project"; name = Alamofire.xcodeproj; path = Alamofire/Alamofire.xcodeproj; sourceTree = "<group>"; };
		457B5A08237F4BD8003E7E00 /* Modelo.swift */ = {isa = PBXFileReference; lastKnownFileType = sourcecode.swift; path = Modelo.swift; sourceTree = "<group>"; };
		457B5A0A237F4E38003E7E00 /* GameCellController.swift */ = {isa = PBXFileReference; lastKnownFileType = sourcecode.swift; path = GameCellController.swift; sourceTree = "<group>"; };
		457B5A0C237F58D1003E7E00 /* InfoComplet.swift */ = {isa = PBXFileReference; lastKnownFileType = sourcecode.swift; path = InfoComplet.swift; sourceTree = "<group>"; };
		45CC24E1238229CD00564CE4 /* AlamofireImage.xcodeproj */ = {isa = PBXFileReference; lastKnownFileType = "wrapper.pb-project"; name = AlamofireImage.xcodeproj; path = AlamofireImage/AlamofireImage.xcodeproj; sourceTree = "<group>"; };
/* End PBXFileReference section */

/* Begin PBXFrameworksBuildPhase section */
		457B59D2237F4938003E7E00 /* Frameworks */ = {
			isa = PBXFrameworksBuildPhase;
			buildActionMask = 2147483647;
			files = (
				457B5A05237F4A43003E7E00 /* Alamofire.framework in Frameworks */,
				45CC250B23822C2300564CE4 /* AlamofireImage.framework in Frameworks */,
			);
			runOnlyForDeploymentPostprocessing = 0;
		};
/* End PBXFrameworksBuildPhase section */

/* Begin PBXGroup section */
		457B59CC237F4938003E7E00 = {
			isa = PBXGroup;
			children = (
				45CC24E1238229CD00564CE4 /* AlamofireImage.xcodeproj */,
				457B59EC237F4A2A003E7E00 /* Alamofire.xcodeproj */,
				457B59D7237F4938003E7E00 /* ProyectoEmilianoApp */,
				457B59D6237F4938003E7E00 /* Products */,
				457B5A04237F4A43003E7E00 /* Frameworks */,
			);
			sourceTree = "<group>";
		};
		457B59D6237F4938003E7E00 /* Products */ = {
			isa = PBXGroup;
			children = (
				457B59D5237F4938003E7E00 /* ProyectoEmilianoApp.app */,
			);
			name = Products;
			sourceTree = "<group>";
		};
		457B59D7237F4938003E7E00 /* ProyectoEmilianoApp */ = {
			isa = PBXGroup;
			children = (
				457B59D8237F4938003E7E00 /* AppDelegate.swift */,
				457B59DA237F4938003E7E00 /* SceneDelegate.swift */,
				457B59DC237F4938003E7E00 /* ViewController.swift */,
				457B59DE237F4938003E7E00 /* Main.storyboard */,
				457B59E1237F493A003E7E00 /* Assets.xcassets */,
				457B59E3237F493A003E7E00 /* LaunchScreen.storyboard */,
				457B59E6237F493A003E7E00 /* Info.plist */,
				457B5A08237F4BD8003E7E00 /* Modelo.swift */,
				457B5A0A237F4E38003E7E00 /* GameCellController.swift */,
				457B5A0C237F58D1003E7E00 /* InfoComplet.swift */,
			);
			path = ProyectoEmilianoApp;
			sourceTree = "<group>";
		};
		457B59ED237F4A2A003E7E00 /* Products */ = {
			isa = PBXGroup;
			children = (
				457B59F7237F4A2A003E7E00 /* Alamofire.framework */,
				457B59F9237F4A2A003E7E00 /* Alamofire iOS Tests.xctest */,
				457B59FB237F4A2A003E7E00 /* Alamofire.framework */,
				457B59FD237F4A2A003E7E00 /* Alamofire macOS Tests.xctest */,
				457B59FF237F4A2A003E7E00 /* Alamofire.framework */,
				457B5A01237F4A2A003E7E00 /* Alamofire tvOS Tests.xctest */,
				457B5A03237F4A2A003E7E00 /* Alamofire.framework */,
			);
			name = Products;
			sourceTree = "<group>";
		};
		457B5A04237F4A43003E7E00 /* Frameworks */ = {
			isa = PBXGroup;
			children = (
			);
			name = Frameworks;
			sourceTree = "<group>";
		};
		45CC24E2238229CD00564CE4 /* Products */ = {
			isa = PBXGroup;
			children = (
				45CC24F5238229CD00564CE4 /* AlamofireImage.framework */,
				45CC24F7238229CD00564CE4 /* AlamofireImage iOS Tests.xctest */,
				45CC24F9238229CD00564CE4 /* AlamofireImage.framework */,
				45CC24FB238229CD00564CE4 /* AlamofireImage macOS Tests.xctest */,
				45CC24FD238229CD00564CE4 /* AlamofireImage.framework */,
				45CC24FF238229CD00564CE4 /* AlamofireImage tvOS Tests.xctest */,
				45CC2501238229CD00564CE4 /* AlamofireImage.framework */,
				45CC2503238229CD00564CE4 /* iOS Example.app */,
			);
			name = Products;
			sourceTree = "<group>";
		};
/* End PBXGroup section */

/* Begin PBXNativeTarget section */
		457B59D4237F4938003E7E00 /* ProyectoEmilianoApp */ = {
			isa = PBXNativeTarget;
			buildConfigurationList = 457B59E9237F493A003E7E00 /* Build configuration list for PBXNativeTarget "ProyectoEmilianoApp" */;
			buildPhases = (
				457B59D1237F4938003E7E00 /* Sources */,
				457B59D2237F4938003E7E00 /* Frameworks */,
				457B59D3237F4938003E7E00 /* Resources */,
				457B5A07237F4A44003E7E00 /* Embed Frameworks */,
			);
			buildRules = (
			);
			dependencies = (
			);
			name = ProyectoEmilianoApp;
			productName = ProyectoEmilianoApp;
			productReference = 457B59D5237F4938003E7E00 /* ProyectoEmilianoApp.app */;
			productType = "com.apple.product-type.application";
		};
/* End PBXNativeTarget section */

/* Begin PBXProject section */
		457B59CD237F4938003E7E00 /* Project object */ = {
			isa = PBXProject;
			attributes = {
				LastSwiftUpdateCheck = 1120;
				LastUpgradeCheck = 1120;
				ORGANIZATIONNAME = "Tonny Gammer";
				TargetAttributes = {
					457B59D4237F4938003E7E00 = {
						CreatedOnToolsVersion = 11.2.1;
					};
				};
			};
			buildConfigurationList = 457B59D0237F4938003E7E00 /* Build configuration list for PBXProject "ProyectoEmilianoApp" */;
			compatibilityVersion = "Xcode 9.3";
			developmentRegion = en;
			hasScannedForEncodings = 0;
			knownRegions = (
				en,
				Base,
			);
			mainGroup = 457B59CC237F4938003E7E00;
			productRefGroup = 457B59D6237F4938003E7E00 /* Products */;
			projectDirPath = "";
			projectReferences = (
				{
					ProductGroup = 457B59ED237F4A2A003E7E00 /* Products */;
					ProjectRef = 457B59EC237F4A2A003E7E00 /* Alamofire.xcodeproj */;
				},
				{
					ProductGroup = 45CC24E2238229CD00564CE4 /* Products */;
					ProjectRef = 45CC24E1238229CD00564CE4 /* AlamofireImage.xcodeproj */;
				},
			);
			projectRoot = "";
			targets = (
				457B59D4237F4938003E7E00 /* ProyectoEmilianoApp */,
			);
		};
/* End PBXProject section */

/* Begin PBXReferenceProxy section */
		457B59F7237F4A2A003E7E00 /* Alamofire.framework */ = {
			isa = PBXReferenceProxy;
			fileType = wrapper.framework;
			path = Alamofire.framework;
			remoteRef = 457B59F6237F4A2A003E7E00 /* PBXContainerItemProxy */;
			sourceTree = BUILT_PRODUCTS_DIR;
		};
		457B59F9237F4A2A003E7E00 /* Alamofire iOS Tests.xctest */ = {
			isa = PBXReferenceProxy;
			fileType = wrapper.cfbundle;
			path = "Alamofire iOS Tests.xctest";
			remoteRef = 457B59F8237F4A2A003E7E00 /* PBXContainerItemProxy */;
			sourceTree = BUILT_PRODUCTS_DIR;
		};
		457B59FB237F4A2A003E7E00 /* Alamofire.framework */ = {
			isa = PBXReferenceProxy;
			fileType = wrapper.framework;
			path = Alamofire.framework;
			remoteRef = 457B59FA237F4A2A003E7E00 /* PBXContainerItemProxy */;
			sourceTree = BUILT_PRODUCTS_DIR;
		};
		457B59FD237F4A2A003E7E00 /* Alamofire macOS Tests.xctest */ = {
			isa = PBXReferenceProxy;
			fileType = wrapper.cfbundle;
			path = "Alamofire macOS Tests.xctest";
			remoteRef = 457B59FC237F4A2A003E7E00 /* PBXContainerItemProxy */;
			sourceTree = BUILT_PRODUCTS_DIR;
		};
		457B59FF237F4A2A003E7E00 /* Alamofire.framework */ = {
			isa = PBXReferenceProxy;
			fileType = wrapper.framework;
			path = Alamofire.framework;
			remoteRef = 457B59FE237F4A2A003E7E00 /* PBXContainerItemProxy */;
			sourceTree = BUILT_PRODUCTS_DIR;
		};
		457B5A01237F4A2A003E7E00 /* Alamofire tvOS Tests.xctest */ = {
			isa = PBXReferenceProxy;
			fileType = wrapper.cfbundle;
			path = "Alamofire tvOS Tests.xctest";
			remoteRef = 457B5A00237F4A2A003E7E00 /* PBXContainerItemProxy */;
			sourceTree = BUILT_PRODUCTS_DIR;
		};
		457B5A03237F4A2A003E7E00 /* Alamofire.framework */ = {
			isa = PBXReferenceProxy;
			fileType = wrapper.framework;
			path = Alamofire.framework;
			remoteRef = 457B5A02237F4A2A003E7E00 /* PBXContainerItemProxy */;
			sourceTree = BUILT_PRODUCTS_DIR;
		};
		45CC24F5238229CD00564CE4 /* AlamofireImage.framework */ = {
			isa = PBXReferenceProxy;
			fileType = wrapper.framework;
			path = AlamofireImage.framework;
			remoteRef = 45CC24F4238229CD00564CE4 /* PBXContainerItemProxy */;
			sourceTree = BUILT_PRODUCTS_DIR;
		};
		45CC24F7238229CD00564CE4 /* AlamofireImage iOS Tests.xctest */ = {
			isa = PBXReferenceProxy;
			fileType = wrapper.cfbundle;
			path = "AlamofireImage iOS Tests.xctest";
			remoteRef = 45CC24F6238229CD00564CE4 /* PBXContainerItemProxy */;
			sourceTree = BUILT_PRODUCTS_DIR;
		};
		45CC24F9238229CD00564CE4 /* AlamofireImage.framework */ = {
			isa = PBXReferenceProxy;
			fileType = wrapper.framework;
			path = AlamofireImage.framework;
			remoteRef = 45CC24F8238229CD00564CE4 /* PBXContainerItemProxy */;
			sourceTree = BUILT_PRODUCTS_DIR;
		};
		45CC24FB238229CD00564CE4 /* AlamofireImage macOS Tests.xctest */ = {
			isa = PBXReferenceProxy;
			fileType = wrapper.cfbundle;
			path = "AlamofireImage macOS Tests.xctest";
			remoteRef = 45CC24FA238229CD00564CE4 /* PBXContainerItemProxy */;
			sourceTree = BUILT_PRODUCTS_DIR;
		};
		45CC24FD238229CD00564CE4 /* AlamofireImage.framework */ = {
			isa = PBXReferenceProxy;
			fileType = wrapper.framework;
			path = AlamofireImage.framework;
			remoteRef = 45CC24FC238229CD00564CE4 /* PBXContainerItemProxy */;
			sourceTree = BUILT_PRODUCTS_DIR;
		};
		45CC24FF238229CD00564CE4 /* AlamofireImage tvOS Tests.xctest */ = {
			isa = PBXReferenceProxy;
			fileType = wrapper.cfbundle;
			path = "AlamofireImage tvOS Tests.xctest";
			remoteRef = 45CC24FE238229CD00564CE4 /* PBXContainerItemProxy */;
			sourceTree = BUILT_PRODUCTS_DIR;
		};
		45CC2501238229CD00564CE4 /* AlamofireImage.framework */ = {
			isa = PBXReferenceProxy;
			fileType = wrapper.framework;
			path = AlamofireImage.framework;
			remoteRef = 45CC2500238229CD00564CE4 /* PBXContainerItemProxy */;
			sourceTree = BUILT_PRODUCTS_DIR;
		};
		45CC2503238229CD00564CE4 /* iOS Example.app */ = {
			isa = PBXReferenceProxy;
			fileType = wrapper.application;
			path = "iOS Example.app";
			remoteRef = 45CC2502238229CD00564CE4 /* PBXContainerItemProxy */;
			sourceTree = BUILT_PRODUCTS_DIR;
		};
/* End PBXReferenceProxy section */

/* Begin PBXResourcesBuildPhase section */
		457B59D3237F4938003E7E00 /* Resources */ = {
			isa = PBXResourcesBuildPhase;
			buildActionMask = 2147483647;
			files = (
				457B59E5237F493A003E7E00 /* LaunchScreen.storyboard in Resources */,
				457B59E2237F493A003E7E00 /* Assets.xcassets in Resources */,
				457B59E0237F4938003E7E00 /* Main.storyboard in Resources */,
			);
			runOnlyForDeploymentPostprocessing = 0;
		};
/* End PBXResourcesBuildPhase section */

/* Begin PBXSourcesBuildPhase section */
		457B59D1237F4938003E7E00 /* Sources */ = {
			isa = PBXSourcesBuildPhase;
			buildActionMask = 2147483647;
			files = (
				457B5A0D237F58D1003E7E00 /* InfoComplet.swift in Sources */,
				457B59DD237F4938003E7E00 /* ViewController.swift in Sources */,
				457B59D9237F4938003E7E00 /* AppDelegate.swift in Sources */,
				457B5A0B237F4E38003E7E00 /* GameCellController.swift in Sources */,
				457B59DB237F4938003E7E00 /* SceneDelegate.swift in Sources */,
				457B5A09237F4BD8003E7E00 /* Modelo.swift in Sources */,
			);
			runOnlyForDeploymentPostprocessing = 0;
		};
/* End PBXSourcesBuildPhase section */

/* Begin PBXVariantGroup section */
		457B59DE237F4938003E7E00 /* Main.storyboard */ = {
			isa = PBXVariantGroup;
			children = (
				457B59DF237F4938003E7E00 /* Base */,
			);
			name = Main.storyboard;
			sourceTree = "<group>";
		};
		457B59E3237F493A003E7E00 /* LaunchScreen.storyboard */ = {
			isa = PBXVariantGroup;
			children = (
				457B59E4237F493A003E7E00 /* Base */,
			);
			name = LaunchScreen.storyboard;
			sourceTree = "<group>";
		};
/* End PBXVariantGroup section */

/* Begin XCBuildConfiguration section */
		457B59E7237F493A003E7E00 /* Debug */ = {
			isa = XCBuildConfiguration;
			buildSettings = {
				ALWAYS_SEARCH_USER_PATHS = NO;
				CLANG_ANALYZER_NONNULL = YES;
				CLANG_ANALYZER_NUMBER_OBJECT_CONVERSION = YES_AGGRESSIVE;
				CLANG_CXX_LANGUAGE_STANDARD = "gnu++14";
				CLANG_CXX_LIBRARY = "libc++";
				CLANG_ENABLE_MODULES = YES;
				CLANG_ENABLE_OBJC_ARC = YES;
				CLANG_ENABLE_OBJC_WEAK = YES;
				CLANG_WARN_BLOCK_CAPTURE_AUTORELEASING = YES;
				CLANG_WARN_BOOL_CONVERSION = YES;
				CLANG_WARN_COMMA = YES;
				CLANG_WARN_CONSTANT_CONVERSION = YES;
				CLANG_WARN_DEPRECATED_OBJC_IMPLEMENTATIONS = YES;
				CLANG_WARN_DIRECT_OBJC_ISA_USAGE = YES_ERROR;
				CLANG_WARN_DOCUMENTATION_COMMENTS = YES;
				CLANG_WARN_EMPTY_BODY = YES;
				CLANG_WARN_ENUM_CONVERSION = YES;
				CLANG_WARN_INFINITE_RECURSION = YES;
				CLANG_WARN_INT_CONVERSION = YES;
				CLANG_WARN_NON_LITERAL_NULL_CONVERSION = YES;
				CLANG_WARN_OBJC_IMPLICIT_RETAIN_SELF = YES;
				CLANG_WARN_OBJC_LITERAL_CONVERSION = YES;
				CLANG_WARN_OBJC_ROOT_CLASS = YES_ERROR;
				CLANG_WARN_RANGE_LOOP_ANALYSIS = YES;
				CLANG_WARN_STRICT_PROTOTYPES = YES;
				CLANG_WARN_SUSPICIOUS_MOVE = YES;
				CLANG_WARN_UNGUARDED_AVAILABILITY = YES_AGGRESSIVE;
				CLANG_WARN_UNREACHABLE_CODE = YES;
				CLANG_WARN__DUPLICATE_METHOD_MATCH = YES;
				COPY_PHASE_STRIP = NO;
				DEBUG_INFORMATION_FORMAT = dwarf;
				ENABLE_STRICT_OBJC_MSGSEND = YES;
				ENABLE_TESTABILITY = YES;
				GCC_C_LANGUAGE_STANDARD = gnu11;
				GCC_DYNAMIC_NO_PIC = NO;
				GCC_NO_COMMON_BLOCKS = YES;
				GCC_OPTIMIZATION_LEVEL = 0;
				GCC_PREPROCESSOR_DEFINITIONS = (
					"DEBUG=1",
					"$(inherited)",
				);
				GCC_WARN_64_TO_32_BIT_CONVERSION = YES;
				GCC_WARN_ABOUT_RETURN_TYPE = YES_ERROR;
				GCC_WARN_UNDECLARED_SELECTOR = YES;
				GCC_WARN_UNINITIALIZED_AUTOS = YES_AGGRESSIVE;
				GCC_WARN_UNUSED_FUNCTION = YES;
				GCC_WARN_UNUSED_VARIABLE = YES;
				IPHONEOS_DEPLOYMENT_TARGET = 13.2;
				MTL_ENABLE_DEBUG_INFO = INCLUDE_SOURCE;
				MTL_FAST_MATH = YES;
				ONLY_ACTIVE_ARCH = YES;
				SDKROOT = iphoneos;
				SWIFT_ACTIVE_COMPILATION_CONDITIONS = DEBUG;
				SWIFT_OPTIMIZATION_LEVEL = "-Onone";
			};
			name = Debug;
		};
		457B59E8237F493A003E7E00 /* Release */ = {
			isa = XCBuildConfiguration;
			buildSettings = {
				ALWAYS_SEARCH_USER_PATHS = NO;
				CLANG_ANALYZER_NONNULL = YES;
				CLANG_ANALYZER_NUMBER_OBJECT_CONVERSION = YES_AGGRESSIVE;
				CLANG_CXX_LANGUAGE_STANDARD = "gnu++14";
				CLANG_CXX_LIBRARY = "libc++";
				CLANG_ENABLE_MODULES = YES;
				CLANG_ENABLE_OBJC_ARC = YES;
				CLANG_ENABLE_OBJC_WEAK = YES;
				CLANG_WARN_BLOCK_CAPTURE_AUTORELEASING = YES;
				CLANG_WARN_BOOL_CONVERSION = YES;
				CLANG_WARN_COMMA = YES;
				CLANG_WARN_CONSTANT_CONVERSION = YES;
				CLANG_WARN_DEPRECATED_OBJC_IMPLEMENTATIONS = YES;
				CLANG_WARN_DIRECT_OBJC_ISA_USAGE = YES_ERROR;
				CLANG_WARN_DOCUMENTATION_COMMENTS = YES;
				CLANG_WARN_EMPTY_BODY = YES;
				CLANG_WARN_ENUM_CONVERSION = YES;
				CLANG_WARN_INFINITE_RECURSION = YES;
				CLANG_WARN_INT_CONVERSION = YES;
				CLANG_WARN_NON_LITERAL_NULL_CONVERSION = YES;
				CLANG_WARN_OBJC_IMPLICIT_RETAIN_SELF = YES;
				CLANG_WARN_OBJC_LITERAL_CONVERSION = YES;
				CLANG_WARN_OBJC_ROOT_CLASS = YES_ERROR;
				CLANG_WARN_RANGE_LOOP_ANALYSIS = YES;
				CLANG_WARN_STRICT_PROTOTYPES = YES;
				CLANG_WARN_SUSPICIOUS_MOVE = YES;
				CLANG_WARN_UNGUARDED_AVAILABILITY = YES_AGGRESSIVE;
				CLANG_WARN_UNREACHABLE_CODE = YES;
				CLANG_WARN__DUPLICATE_METHOD_MATCH = YES;
				COPY_PHASE_STRIP = NO;
				DEBUG_INFORMATION_FORMAT = "dwarf-with-dsym";
				ENABLE_NS_ASSERTIONS = NO;
				ENABLE_STRICT_OBJC_MSGSEND = YES;
				GCC_C_LANGUAGE_STANDARD = gnu11;
				GCC_NO_COMMON_BLOCKS = YES;
				GCC_WARN_64_TO_32_BIT_CONVERSION = YES;
				GCC_WARN_ABOUT_RETURN_TYPE = YES_ERROR;
				GCC_WARN_UNDECLARED_SELECTOR = YES;
				GCC_WARN_UNINITIALIZED_AUTOS = YES_AGGRESSIVE;
				GCC_WARN_UNUSED_FUNCTION = YES;
				GCC_WARN_UNUSED_VARIABLE = YES;
				IPHONEOS_DEPLOYMENT_TARGET = 13.2;
				MTL_ENABLE_DEBUG_INFO = NO;
				MTL_FAST_MATH = YES;
				SDKROOT = iphoneos;
				SWIFT_COMPILATION_MODE = wholemodule;
				SWIFT_OPTIMIZATION_LEVEL = "-O";
				VALIDATE_PRODUCT = YES;
			};
			name = Release;
		};
		457B59EA237F493A003E7E00 /* Debug */ = {
			isa = XCBuildConfiguration;
			buildSettings = {
				ASSETCATALOG_COMPILER_APPICON_NAME = AppIcon;
				CODE_SIGN_STYLE = Automatic;
				INFOPLIST_FILE = ProyectoEmilianoApp/Info.plist;
				LD_RUNPATH_SEARCH_PATHS = (
					"$(inherited)",
					"@executable_path/Frameworks",
				);
				PRODUCT_BUNDLE_IDENTIFIER = edu.ulsa.ProyectoEmilianoApp;
				PRODUCT_NAME = "$(TARGET_NAME)";
				SWIFT_VERSION = 5.0;
				TARGETED_DEVICE_FAMILY = "1,2";
			};
			name = Debug;
		};
		457B59EB237F493A003E7E00 /* Release */ = {
			isa = XCBuildConfiguration;
			buildSettings = {
				ASSETCATALOG_COMPILER_APPICON_NAME = AppIcon;
				CODE_SIGN_STYLE = Automatic;
				INFOPLIST_FILE = ProyectoEmilianoApp/Info.plist;
				LD_RUNPATH_SEARCH_PATHS = (
					"$(inherited)",
					"@executable_path/Frameworks",
				);
				PRODUCT_BUNDLE_IDENTIFIER = edu.ulsa.ProyectoEmilianoApp;
				PRODUCT_NAME = "$(TARGET_NAME)";
				SWIFT_VERSION = 5.0;
				TARGETED_DEVICE_FAMILY = "1,2";
			};
			name = Release;
		};
/* End XCBuildConfiguration section */

/* Begin XCConfigurationList section */
		457B59D0237F4938003E7E00 /* Build configuration list for PBXProject "ProyectoEmilianoApp" */ = {
			isa = XCConfigurationList;
			buildConfigurations = (
				457B59E7237F493A003E7E00 /* Debug */,
				457B59E8237F493A003E7E00 /* Release */,
			);
			defaultConfigurationIsVisible = 0;
			defaultConfigurationName = Release;
		};
		457B59E9237F493A003E7E00 /* Build configuration list for PBXNativeTarget "ProyectoEmilianoApp" */ = {
			isa = XCConfigurationList;
			buildConfigurations = (
				457B59EA237F493A003E7E00 /* Debug */,
				457B59EB237F493A003E7E00 /* Release */,
			);
			defaultConfigurationIsVisible = 0;
			defaultConfigurationName = Release;
		};
/* End XCConfigurationList section */
	};
	rootObject = 457B59CD237F4938003E7E00 /* Project object */;
}
